<?xml version="1.0" encoding="utf-8"?>
<Project ToolsVersion="4.0" xmlns="http://schemas.microsoft.com/developer/msbuild/2003">
  <ItemGroup>
    <Filter Include="Objects">
      <UniqueIdentifier>{4a51319e-632a-4fb3-b638-e41f17fe3ee6}</UniqueIdentifier>
    </Filter>
    <Filter Include="Primitives">
      <UniqueIdentifier>{43360ee6-4f1d-4003-825e-3a1962a72e38}</UniqueIdentifier>
    </Filter>
    <Filter Include="Engine">
      <UniqueIdentifier>{26209e49-44ef-44d8-950a-8b4e1a1333bd}</UniqueIdentifier>
    </Filter>
    <Filter Include="Source">
      <UniqueIdentifier>{d10a07fd-689d-4c4c-b8fd-e402737012e1}</UniqueIdentifier>
    </Filter>
  </ItemGroup>
  <ItemGroup>
    <ClCompile Include="ant.cpp">
      <Filter>Objects</Filter>
    </ClCompile>
    <ClCompile Include="moveable.cpp">
      <Filter>Primitives</Filter>
    </ClCompile>
    <ClCompile Include="obj.cpp">
      <Filter>Primitives</Filter>
    </ClCompile>
    <ClCompile Include="trail.cpp">
      <Filter>Objects</Filter>
    </ClCompile>
    <ClCompile Include="world.cpp">
      <Filter>Engine</Filter>
    </ClCompile>
    <ClCompile Include="window.cpp">
      <Filter>Engine</Filter>
    </ClCompile>
    <ClCompile Include="main.cpp">
      <Filter>Source</Filter>
    </ClCompile>
    <ClCompile Include="home.cpp">
      <Filter>Objects</Filter>
    </ClCompile>
    <ClCompile Include="food.cpp">
      <Filter>Objects</Filter>
    </ClCompile>
  </ItemGroup>
  <ItemGroup>
    <ClInclude Include="ant.h">
      <Filter>Objects</Filter>
    </ClInclude>
    <ClInclude Include="moveable.h">
      <Filter>Primitives</Filter>
    </ClInclude>
    <ClInclude Include="obj.h">
      <Filter>Primitives</Filter>
    </ClInclude>
    <ClInclude Include="trail.h">
      <Filter>Objects</Filter>
    </ClInclude>
    <ClInclude Include="window.h">
      <Filter>Engine</Filter>
    </ClInclude>
    <ClInclude Include="world.h">
      <Filter>Engine</Filter>
    </ClInclude>
    <ClInclude Include="home.h">
      <Filter>Objects</Filter>
    </ClInclude>
    <ClInclude Include="food.h" />
  </ItemGroup>
</Project>